
Microsoft Visual Studio Solution File, Format Version 12.00
# Visual Studio Version 16
VisualStudioVersion = 16.0.30503.244
MinimumVisualStudioVersion = 10.0.40219.1
Project("{FAE04EC0-301F-11D3-BF4B-00C04F79EFBC}") = "RuntimeNodes", "RuntimeNodes\RuntimeNodes.csproj", "{5F1F4CC0-62DD-45D1-8E58-30AD369FA96A}"
EndProject
Project("{2150E333-8FDC-42A3-9474-1A3956D46DE8}") = "Submodules", "Submodules", "{7D8CEFBE-88F1-45CF-8015-90A4FDD2DDCF}"
EndProject
Project("{2150E333-8FDC-42A3-9474-1A3956D46DE8}") = "ImGui.NET", "ImGui.NET", "{2EFD67B2-230E-4850-950D-C3CF77F6E3C0}"
EndProject
Project("{9A19103F-16F7-4668-BE54-9A1E7A4F7556}") = "ImGui.NET", ".submodules\ImGui.NET\src\ImGui.NET\ImGui.NET.csproj", "{C14ECFB0-9637-4A43-87FD-C889CFBC75B5}"
EndProject
Project("{9A19103F-16F7-4668-BE54-9A1E7A4F7556}") = "ImNodes.NET", ".submodules\ImGui.NET\src\ImNodes.NET\ImNodes.NET.csproj", "{EF2362C9-1140-4E1D-A92A-7780CB677D51}"
EndProject
Project("{FAE04EC0-301F-11D3-BF4B-00C04F79EFBC}") = "RuntimeNodes.ImGUI", "RuntimeNodes.ImGUI\RuntimeNodes.ImGUI.csproj", "{435D2E33-2B32-4AC6-98B7-087CA7EE46AA}"
EndProject
Project("{FAE04EC0-301F-11D3-BF4B-00C04F79EFBC}") = "RuntimeNodes.UnitTest", "RuntimeNodes.UnitTest\RuntimeNodes.UnitTest.csproj", "{7817BFA1-19F2-4B99-AC88-5A319A8A5B65}"
EndProject
Project("{FAE04EC0-301F-11D3-BF4B-00C04F79EFBC}") = "RuntimeNodes.ImGUI.Sample", "RuntimeNodes.ImGUI.Sample\RuntimeNodes.ImGUI.Sample.csproj", "{5E4DEF06-F0C2-4320-A3EE-2D5A192BDD5D}"
EndProject
Project("{2150E333-8FDC-42A3-9474-1A3956D46DE8}") = "ImGUI", "ImGUI", "{38A1A0EF-CC17-416C-9D56-5C3BB7327DEF}"
EndProject
Project("{FAE04EC0-301F-11D3-BF4B-00C04F79EFBC}") = "ImNodes.NET", "ImNodes.NET\ImNodes.NET.csproj", "{375191C5-1EB5-4A84-A269-D2EB38381483}"
EndProject
Global
	GlobalSection(SolutionConfigurationPlatforms) = preSolution
		Debug|Any CPU = Debug|Any CPU
		Release|Any CPU = Release|Any CPU
	EndGlobalSection
	GlobalSection(ProjectConfigurationPlatforms) = postSolution
		{5F1F4CC0-62DD-45D1-8E58-30AD369FA96A}.Debug|Any CPU.ActiveCfg = Debug|Any CPU
		{5F1F4CC0-62DD-45D1-8E58-30AD369FA96A}.Debug|Any CPU.Build.0 = Debug|Any CPU
		{5F1F4CC0-62DD-45D1-8E58-30AD369FA96A}.Release|Any CPU.ActiveCfg = Release|Any CPU
		{5F1F4CC0-62DD-45D1-8E58-30AD369FA96A}.Release|Any CPU.Build.0 = Release|Any CPU
		{C14ECFB0-9637-4A43-87FD-C889CFBC75B5}.Debug|Any CPU.ActiveCfg = Debug|Any CPU
		{C14ECFB0-9637-4A43-87FD-C889CFBC75B5}.Debug|Any CPU.Build.0 = Debug|Any CPU
		{C14ECFB0-9637-4A43-87FD-C889CFBC75B5}.Release|Any CPU.ActiveCfg = Release|Any CPU
		{C14ECFB0-9637-4A43-87FD-C889CFBC75B5}.Release|Any CPU.Build.0 = Release|Any CPU
		{EF2362C9-1140-4E1D-A92A-7780CB677D51}.Debug|Any CPU.ActiveCfg = Debug|Any CPU
		{EF2362C9-1140-4E1D-A92A-7780CB677D51}.Debug|Any CPU.Build.0 = Debug|Any CPU
		{EF2362C9-1140-4E1D-A92A-7780CB677D51}.Release|Any CPU.ActiveCfg = Release|Any CPU
		{EF2362C9-1140-4E1D-A92A-7780CB677D51}.Release|Any CPU.Build.0 = Release|Any CPU
		{435D2E33-2B32-4AC6-98B7-087CA7EE46AA}.Debug|Any CPU.ActiveCfg = Debug|Any CPU
		{435D2E33-2B32-4AC6-98B7-087CA7EE46AA}.Debug|Any CPU.Build.0 = Debug|Any CPU
		{435D2E33-2B32-4AC6-98B7-087CA7EE46AA}.Release|Any CPU.ActiveCfg = Release|Any CPU
		{435D2E33-2B32-4AC6-98B7-087CA7EE46AA}.Release|Any CPU.Build.0 = Release|Any CPU
		{7817BFA1-19F2-4B99-AC88-5A319A8A5B65}.Debug|Any CPU.ActiveCfg = Debug|Any CPU
		{7817BFA1-19F2-4B99-AC88-5A319A8A5B65}.Debug|Any CPU.Build.0 = Debug|Any CPU
		{7817BFA1-19F2-4B99-AC88-5A319A8A5B65}.Release|Any CPU.ActiveCfg = Release|Any CPU
		{7817BFA1-19F2-4B99-AC88-5A319A8A5B65}.Release|Any CPU.Build.0 = Release|Any CPU
		{5E4DEF06-F0C2-4320-A3EE-2D5A192BDD5D}.Debug|Any CPU.ActiveCfg = Debug|Any CPU
		{5E4DEF06-F0C2-4320-A3EE-2D5A192BDD5D}.Debug|Any CPU.Build.0 = Debug|Any CPU
		{5E4DEF06-F0C2-4320-A3EE-2D5A192BDD5D}.Release|Any CPU.ActiveCfg = Release|Any CPU
		{5E4DEF06-F0C2-4320-A3EE-2D5A192BDD5D}.Release|Any CPU.Build.0 = Release|Any CPU
		{375191C5-1EB5-4A84-A269-D2EB38381483}.Debug|Any CPU.ActiveCfg = Debug|Any CPU
		{375191C5-1EB5-4A84-A269-D2EB38381483}.Debug|Any CPU.Build.0 = Debug|Any CPU
		{375191C5-1EB5-4A84-A269-D2EB38381483}.Release|Any CPU.ActiveCfg = Release|Any CPU
		{375191C5-1EB5-4A84-A269-D2EB38381483}.Release|Any CPU.Build.0 = Release|Any CPU
	EndGlobalSection
	GlobalSection(SolutionProperties) = preSolution
		HideSolutionNode = FALSE
	EndGlobalSection
	GlobalSection(NestedProjects) = preSolution
		{2EFD67B2-230E-4850-950D-C3CF77F6E3C0} = {7D8CEFBE-88F1-45CF-8015-90A4FDD2DDCF}
		{C14ECFB0-9637-4A43-87FD-C889CFBC75B5} = {2EFD67B2-230E-4850-950D-C3CF77F6E3C0}
		{EF2362C9-1140-4E1D-A92A-7780CB677D51} = {2EFD67B2-230E-4850-950D-C3CF77F6E3C0}
		{375191C5-1EB5-4A84-A269-D2EB38381483} = {38A1A0EF-CC17-416C-9D56-5C3BB7327DEF}
	EndGlobalSection
	GlobalSection(ExtensibilityGlobals) = postSolution
		SolutionGuid = {44094B1C-837A-4218-92F6-96D80C548B48}
	EndGlobalSection
EndGlobal
